
Microsoft Visual Studio Solution File, Format Version 12.00
# Visual Studio Version 16
VisualStudioVersion = 16.0.30804.86
MinimumVisualStudioVersion = 10.0.40219.1
Project("{FAE04EC0-301F-11D3-BF4B-00C04F79EFBC}") = "Simulator", "Simulator\Simulator.csproj", "{B4518FF3-1AA0-436E-9F2E-E8548EE4178A}"
	ProjectSection(ProjectDependencies) = postProject
		{27B98A56-D933-4809-B199-9042DAEC50D3} = {27B98A56-D933-4809-B199-9042DAEC50D3}
	EndProjectSection
EndProject
Project("{8BC9CEB8-8B4A-11D0-8D11-00A0C91BC942}") = "SimCore", "SimCore\SimCore.vcxproj", "{27B98A56-D933-4809-B199-9042DAEC50D3}"
EndProject
Global
	GlobalSection(SolutionConfigurationPlatforms) = preSolution
		Debug|Any CPU = Debug|Any CPU
		Debug|x64 = Debug|x64
		Debug|x86 = Debug|x86
		Release|Any CPU = Release|Any CPU
		Release|x64 = Release|x64
		Release|x86 = Release|x86
	EndGlobalSection
	GlobalSection(ProjectConfigurationPlatforms) = postSolution
		{B4518FF3-1AA0-436E-9F2E-E8548EE4178A}.Debug|Any CPU.ActiveCfg = Debug|Any CPU
		{B4518FF3-1AA0-436E-9F2E-E8548EE4178A}.Debug|Any CPU.Build.0 = Debug|Any CPU
		{B4518FF3-1AA0-436E-9F2E-E8548EE4178A}.Debug|x64.ActiveCfg = Debug|Any CPU
		{B4518FF3-1AA0-436E-9F2E-E8548EE4178A}.Debug|x64.Build.0 = Debug|Any CPU
		{B4518FF3-1AA0-436E-9F2E-E8548EE4178A}.Debug|x86.ActiveCfg = Debug|Any CPU
		{B4518FF3-1AA0-436E-9F2E-E8548EE4178A}.Debug|x86.Build.0 = Debug|Any CPU
		{B4518FF3-1AA0-436E-9F2E-E8548EE4178A}.Release|Any CPU.ActiveCfg = Release|Any CPU
		{B4518FF3-1AA0-436E-9F2E-E8548EE4178A}.Release|Any CPU.Build.0 = Release|Any CPU
		{B4518FF3-1AA0-436E-9F2E-E8548EE4178A}.Release|x64.ActiveCfg = Release|Any CPU
		{B4518FF3-1AA0-436E-9F2E-E8548EE4178A}.Release|x64.Build.0 = Release|Any CPU
		{B4518FF3-1AA0-436E-9F2E-E8548EE4178A}.Release|x86.ActiveCfg = Release|Any CPU
		{B4518FF3-1AA0-436E-9F2E-E8548EE4178A}.Release|x86.Build.0 = Release|Any CPU
		{27B98A56-D933-4809-B199-9042DAEC50D3}.Debug|Any CPU.ActiveCfg = Debug|x64
		{27B98A56-D933-4809-B199-9042DAEC50D3}.Debug|Any CPU.Build.0 = Debug|x64
		{27B98A56-D933-4809-B199-9042DAEC50D3}.Debug|x64.ActiveCfg = Debug|x64
		{27B98A56-D933-4809-B199-9042DAEC50D3}.Debug|x64.Build.0 = Debug|x64
		{27B98A56-D933-4809-B199-9042DAEC50D3}.Debug|x86.ActiveCfg = Debug|Win32
		{27B98A56-D933-4809-B199-9042DAEC50D3}.Debug|x86.Build.0 = Debug|Win32
		{27B98A56-D933-4809-B199-9042DAEC50D3}.Release|Any CPU.ActiveCfg = Release|Win32
		{27B98A56-D933-4809-B199-9042DAEC50D3}.Release|x64.ActiveCfg = Release|x64
		{27B98A56-D933-4809-B199-9042DAEC50D3}.Release|x64.Build.0 = Release|x64
		{27B98A56-D933-4809-B199-9042DAEC50D3}.Release|x86.ActiveCfg = Release|Win32
		{27B98A56-D933-4809-B199-9042DAEC50D3}.Release|x86.Build.0 = Release|Win32
	EndGlobalSection
	GlobalSection(SolutionProperties) = preSolution
		HideSolutionNode = FALSE
	EndGlobalSection
	GlobalSection(ExtensibilityGlobals) = postSolution
		SolutionGuid = {38434837-AAAC-4045-9C3C-161B20917328}
	EndGlobalSection
EndGlobal
